
Microsoft Visual Studio Solution File, Format Version 12.00
# Visual Studio Version 17
VisualStudioVersion = 17.14.36811.4 d17.14
MinimumVisualStudioVersion = 10.0.40219.1
Project("{FAE04EC0-301F-11D3-BF4B-00C04F79EFBC}") = "MVC", "MVC\MVC.csproj", "{F2EBEDB4-7513-4918-B182-128DC1B2C76F}"
EndProject
Global
	GlobalSection(SolutionConfigurationPlatforms) = preSolution
		Debug|Any CPU = Debug|Any CPU
		Release|Any CPU = Release|Any CPU
	EndGlobalSection
	GlobalSection(ProjectConfigurationPlatforms) = postSolution
		{F2EBEDB4-7513-4918-B182-128DC1B2C76F}.Debug|Any CPU.ActiveCfg = Debug|Any CPU
		{F2EBEDB4-7513-4918-B182-128DC1B2C76F}.Debug|Any CPU.Build.0 = Debug|Any CPU
		{F2EBEDB4-7513-4918-B182-128DC1B2C76F}.Release|Any CPU.ActiveCfg = Release|Any CPU
		{F2EBEDB4-7513-4918-B182-128DC1B2C76F}.Release|Any CPU.Build.0 = Release|Any CPU
	EndGlobalSection
	GlobalSection(SolutionProperties) = preSolution
		HideSolutionNode = FALSE
	EndGlobalSection
	GlobalSection(ExtensibilityGlobals) = postSolution
		SolutionGuid = {2C42578D-35A1-411C-B6B0-3564ACBD32F0}
	EndGlobalSection
EndGlobal
