
Microsoft Visual Studio Solution File, Format Version 12.00
# Visual Studio Version 17
VisualStudioVersion = 17.14.36811.4 d17.14
MinimumVisualStudioVersion = 10.0.40219.1
Project("{FAE04EC0-301F-11D3-BF4B-00C04F79EFBC}") = "Razor", "Razor\Razor.csproj", "{D2D4FBA3-3E0A-46CD-9822-53677822660E}"
EndProject
Global
	GlobalSection(SolutionConfigurationPlatforms) = preSolution
		Debug|Any CPU = Debug|Any CPU
		Release|Any CPU = Release|Any CPU
	EndGlobalSection
	GlobalSection(ProjectConfigurationPlatforms) = postSolution
		{D2D4FBA3-3E0A-46CD-9822-53677822660E}.Debug|Any CPU.ActiveCfg = Debug|Any CPU
		{D2D4FBA3-3E0A-46CD-9822-53677822660E}.Debug|Any CPU.Build.0 = Debug|Any CPU
		{D2D4FBA3-3E0A-46CD-9822-53677822660E}.Release|Any CPU.ActiveCfg = Release|Any CPU
		{D2D4FBA3-3E0A-46CD-9822-53677822660E}.Release|Any CPU.Build.0 = Release|Any CPU
	EndGlobalSection
	GlobalSection(SolutionProperties) = preSolution
		HideSolutionNode = FALSE
	EndGlobalSection
	GlobalSection(ExtensibilityGlobals) = postSolution
		SolutionGuid = {D7B31D99-EFE4-4E54-BFC3-BAC4D147C34E}
	EndGlobalSection
EndGlobal
