
Microsoft Visual Studio Solution File, Format Version 12.00
# Visual Studio Version 17
VisualStudioVersion = 17.14.36811.4 d17.14
MinimumVisualStudioVersion = 10.0.40219.1
Project("{FAE04EC0-301F-11D3-BF4B-00C04F79EFBC}") = "Statichtml", "Statichtml\Statichtml.csproj", "{591728A7-CAF2-432C-9F67-DE4AEB53F6B3}"
EndProject
Global
	GlobalSection(SolutionConfigurationPlatforms) = preSolution
		Debug|Any CPU = Debug|Any CPU
		Release|Any CPU = Release|Any CPU
	EndGlobalSection
	GlobalSection(ProjectConfigurationPlatforms) = postSolution
		{591728A7-CAF2-432C-9F67-DE4AEB53F6B3}.Debug|Any CPU.ActiveCfg = Debug|Any CPU
		{591728A7-CAF2-432C-9F67-DE4AEB53F6B3}.Debug|Any CPU.Build.0 = Debug|Any CPU
		{591728A7-CAF2-432C-9F67-DE4AEB53F6B3}.Release|Any CPU.ActiveCfg = Release|Any CPU
		{591728A7-CAF2-432C-9F67-DE4AEB53F6B3}.Release|Any CPU.Build.0 = Release|Any CPU
	EndGlobalSection
	GlobalSection(SolutionProperties) = preSolution
		HideSolutionNode = FALSE
	EndGlobalSection
	GlobalSection(ExtensibilityGlobals) = postSolution
		SolutionGuid = {C378F744-4C59-41E7-ABE9-29B6CD3353D7}
	EndGlobalSection
EndGlobal
